{
  "name": "06_使用自己的包",
  "lockfileVersion": 2,
  "requires": true,
  "packages": {
    "": {
      "dependencies": {
        "@louis61619/my_util": "^1.0.1"
      }
    },
    "node_modules/@louis61619/my_util": {
      "version": "1.0.1",
      "resolved": "https://registry.npmjs.org/@louis61619/my_util/-/my_util-1.0.1.tgz",
      "integrity": "sha512-kiMhRijZ8+G5YcPbi6SPZX8ojG4wtArTd/Z+0mLCP1wgRIJeeNpC5FxDvgtzGeeKu45X8JIpu3SUt+uAIfKGlA=="
    }
  },
  "dependencies": {
    "@louis61619/my_util": {
      "version": "1.0.1",
      "resolved": "https://registry.npmjs.org/@louis61619/my_util/-/my_util-1.0.1.tgz",
      "integrity": "sha512-kiMhRijZ8+G5YcPbi6SPZX8ojG4wtArTd/Z+0mLCP1wgRIJeeNpC5FxDvgtzGeeKu45X8JIpu3SUt+uAIfKGlA=="
    }
  }
}
